// !$*UTF8*$!
{
	archiveVersion = 1;
	classes = {
	};
	objectVersion = 56;
	objects = {

/* Begin PBXBuildFile section */
		523751E52A30D13200F53FAB /* SnowmanApp.swift in Sources */ = {isa = PBXBuildFile; fileRef = 523751E42A30D13200F53FAB /* SnowmanApp.swift */; };
		523751E72A30D13200F53FAB /* ContentView.swift in Sources */ = {isa = PBXBuildFile; fileRef = 523751E62A30D13200F53FAB /* ContentView.swift */; };
		523751E92A30D13300F53FAB /* Assets.xcassets in Resources */ = {isa = PBXBuildFile; fileRef = 523751E82A30D13300F53FAB /* Assets.xcassets */; };
		523751EC2A30D13300F53FAB /* Preview Assets.xcassets in Resources */ = {isa = PBXBuildFile; fileRef = 523751EB2A30D13300F53FAB /* Preview Assets.xcassets */; };
		523751F42A30D1F700F53FAB /* SidebarView.swift in Sources */ = {isa = PBXBuildFile; fileRef = 523751F32A30D1F700F53FAB /* SidebarView.swift */; };
		523751F62A30D20600F53FAB /* GameView.swift in Sources */ = {isa = PBXBuildFile; fileRef = 523751F52A30D20600F53FAB /* GameView.swift */; };
		523A200D2A315B450066505F /* LettersView.swift in Sources */ = {isa = PBXBuildFile; fileRef = 523A200C2A315B450066505F /* LettersView.swift */; };
		523A200F2A315BD60066505F /* GuessesView.swift in Sources */ = {isa = PBXBuildFile; fileRef = 523A200E2A315BD60066505F /* GuessesView.swift */; };
		523A20112A315F080066505F /* Game.swift in Sources */ = {isa = PBXBuildFile; fileRef = 523A20102A315F080066505F /* Game.swift */; };
		523A20132A315F700066505F /* GameStatus.swift in Sources */ = {isa = PBXBuildFile; fileRef = 523A20122A315F700066505F /* GameStatus.swift */; };
		523A20162A3164400066505F /* Letter.swift in Sources */ = {isa = PBXBuildFile; fileRef = 523A20152A3164400066505F /* Letter.swift */; };
		523A20182A3170E50066505F /* words.txt in Resources */ = {isa = PBXBuildFile; fileRef = 523A20172A3170E50066505F /* words.txt */; };
		523A201A2A3175BC0066505F /* AppState.swift in Sources */ = {isa = PBXBuildFile; fileRef = 523A20192A3175BC0066505F /* AppState.swift */; };
		523A201C2A31804E0066505F /* SettingsView.swift in Sources */ = {isa = PBXBuildFile; fileRef = 523A201B2A31804E0066505F /* SettingsView.swift */; };
		523A201E2A31CEDE0066505F /* StatsView.swift in Sources */ = {isa = PBXBuildFile; fileRef = 523A201D2A31CEDE0066505F /* StatsView.swift */; };
		523A20202A31CFB40066505F /* GameStats.swift in Sources */ = {isa = PBXBuildFile; fileRef = 523A201F2A31CFB40066505F /* GameStats.swift */; };
		523A20222A31CFBA0066505F /* WordStats.swift in Sources */ = {isa = PBXBuildFile; fileRef = 523A20212A31CFBA0066505F /* WordStats.swift */; };
		523A20252A31D4180066505F /* ChartPoint.swift in Sources */ = {isa = PBXBuildFile; fileRef = 523A20242A31D4180066505F /* ChartPoint.swift */; };
		523A20272A31FE080066505F /* WebView.swift in Sources */ = {isa = PBXBuildFile; fileRef = 523A20262A31FE080066505F /* WebView.swift */; };
		523A20292A3211170066505F /* LookUpView.swift in Sources */ = {isa = PBXBuildFile; fileRef = 523A20282A3211170066505F /* LookUpView.swift */; };
/* End PBXBuildFile section */

/* Begin PBXFileReference section */
		523751E12A30D13200F53FAB /* Snowman.app */ = {isa = PBXFileReference; explicitFileType = wrapper.application; includeInIndex = 0; path = Snowman.app; sourceTree = BUILT_PRODUCTS_DIR; };
		523751E42A30D13200F53FAB /* SnowmanApp.swift */ = {isa = PBXFileReference; lastKnownFileType = sourcecode.swift; path = SnowmanApp.swift; sourceTree = "<group>"; };
		523751E62A30D13200F53FAB /* ContentView.swift */ = {isa = PBXFileReference; lastKnownFileType = sourcecode.swift; path = ContentView.swift; sourceTree = "<group>"; };
		523751E82A30D13300F53FAB /* Assets.xcassets */ = {isa = PBXFileReference; lastKnownFileType = folder.assetcatalog; path = Assets.xcassets; sourceTree = "<group>"; };
		523751EB2A30D13300F53FAB /* Preview Assets.xcassets */ = {isa = PBXFileReference; lastKnownFileType = folder.assetcatalog; path = "Preview Assets.xcassets"; sourceTree = "<group>"; };
		523751ED2A30D13300F53FAB /* Snowman.entitlements */ = {isa = PBXFileReference; lastKnownFileType = text.plist.entitlements; path = Snowman.entitlements; sourceTree = "<group>"; };
		523751F32A30D1F700F53FAB /* SidebarView.swift */ = {isa = PBXFileReference; lastKnownFileType = sourcecode.swift; path = SidebarView.swift; sourceTree = "<group>"; };
		523751F52A30D20600F53FAB /* GameView.swift */ = {isa = PBXFileReference; lastKnownFileType = sourcecode.swift; path = GameView.swift; sourceTree = "<group>"; };
		523A200C2A315B450066505F /* LettersView.swift */ = {isa = PBXFileReference; lastKnownFileType = sourcecode.swift; path = LettersView.swift; sourceTree = "<group>"; };
		523A200E2A315BD60066505F /* GuessesView.swift */ = {isa = PBXFileReference; lastKnownFileType = sourcecode.swift; path = GuessesView.swift; sourceTree = "<group>"; };
		523A20102A315F080066505F /* Game.swift */ = {isa = PBXFileReference; lastKnownFileType = sourcecode.swift; path = Game.swift; sourceTree = "<group>"; };
		523A20122A315F700066505F /* GameStatus.swift */ = {isa = PBXFileReference; lastKnownFileType = sourcecode.swift; path = GameStatus.swift; sourceTree = "<group>"; };
		523A20152A3164400066505F /* Letter.swift */ = {isa = PBXFileReference; lastKnownFileType = sourcecode.swift; path = Letter.swift; sourceTree = "<group>"; };
		523A20172A3170E50066505F /* words.txt */ = {isa = PBXFileReference; fileEncoding = 4; lastKnownFileType = text; path = words.txt; sourceTree = "<group>"; };
		523A20192A3175BC0066505F /* AppState.swift */ = {isa = PBXFileReference; lastKnownFileType = sourcecode.swift; path = AppState.swift; sourceTree = "<group>"; };
		523A201B2A31804E0066505F /* SettingsView.swift */ = {isa = PBXFileReference; lastKnownFileType = sourcecode.swift; path = SettingsView.swift; sourceTree = "<group>"; };
		523A201D2A31CEDE0066505F /* StatsView.swift */ = {isa = PBXFileReference; lastKnownFileType = sourcecode.swift; path = StatsView.swift; sourceTree = "<group>"; };
		523A201F2A31CFB40066505F /* GameStats.swift */ = {isa = PBXFileReference; lastKnownFileType = sourcecode.swift; path = GameStats.swift; sourceTree = "<group>"; };
		523A20212A31CFBA0066505F /* WordStats.swift */ = {isa = PBXFileReference; lastKnownFileType = sourcecode.swift; path = WordStats.swift; sourceTree = "<group>"; };
		523A20242A31D4180066505F /* ChartPoint.swift */ = {isa = PBXFileReference; lastKnownFileType = sourcecode.swift; path = ChartPoint.swift; sourceTree = "<group>"; };
		523A20262A31FE080066505F /* WebView.swift */ = {isa = PBXFileReference; lastKnownFileType = sourcecode.swift; path = WebView.swift; sourceTree = "<group>"; };
		523A20282A3211170066505F /* LookUpView.swift */ = {isa = PBXFileReference; lastKnownFileType = sourcecode.swift; path = LookUpView.swift; sourceTree = "<group>"; };
/* End PBXFileReference section */

/* Begin PBXFrameworksBuildPhase section */
		523751DE2A30D13100F53FAB /* Frameworks */ = {
			isa = PBXFrameworksBuildPhase;
			buildActionMask = 2147483647;
			files = (
			);
			runOnlyForDeploymentPostprocessing = 0;
		};
/* End PBXFrameworksBuildPhase section */

/* Begin PBXGroup section */
		523751D82A30D13100F53FAB = {
			isa = PBXGroup;
			children = (
				523751E32A30D13200F53FAB /* Snowman */,
				523751E22A30D13200F53FAB /* Products */,
			);
			sourceTree = "<group>";
		};
		523751E22A30D13200F53FAB /* Products */ = {
			isa = PBXGroup;
			children = (
				523751E12A30D13200F53FAB /* Snowman.app */,
			);
			name = Products;
			sourceTree = "<group>";
		};
		523751E32A30D13200F53FAB /* Snowman */ = {
			isa = PBXGroup;
			children = (
				523751E42A30D13200F53FAB /* SnowmanApp.swift */,
				523A20142A315FBD0066505F /* Models */,
				523751F72A30D22100F53FAB /* Views */,
				523751E82A30D13300F53FAB /* Assets.xcassets */,
				523751ED2A30D13300F53FAB /* Snowman.entitlements */,
				523751EA2A30D13300F53FAB /* Preview Content */,
			);
			path = Snowman;
			sourceTree = "<group>";
		};
		523751EA2A30D13300F53FAB /* Preview Content */ = {
			isa = PBXGroup;
			children = (
				523751EB2A30D13300F53FAB /* Preview Assets.xcassets */,
			);
			path = "Preview Content";
			sourceTree = "<group>";
		};
		523751F72A30D22100F53FAB /* Views */ = {
			isa = PBXGroup;
			children = (
				523751E62A30D13200F53FAB /* ContentView.swift */,
				523751F52A30D20600F53FAB /* GameView.swift */,
				523A200E2A315BD60066505F /* GuessesView.swift */,
				523A201B2A31804E0066505F /* SettingsView.swift */,
				523A20262A31FE080066505F /* WebView.swift */,
				523A20282A3211170066505F /* LookUpView.swift */,
				523A20232A31CFC90066505F /* Statistics */,
				523A200C2A315B450066505F /* LettersView.swift */,
				523751F32A30D1F700F53FAB /* SidebarView.swift */,
			);
			path = Views;
			sourceTree = "<group>";
		};
		523A20142A315FBD0066505F /* Models */ = {
			isa = PBXGroup;
			children = (
				523A20192A3175BC0066505F /* AppState.swift */,
				523A20102A315F080066505F /* Game.swift */,
				523A20122A315F700066505F /* GameStatus.swift */,
				523A20152A3164400066505F /* Letter.swift */,
				523A20242A31D4180066505F /* ChartPoint.swift */,
				523A20172A3170E50066505F /* words.txt */,
			);
			path = Models;
			sourceTree = "<group>";
		};
		523A20232A31CFC90066505F /* Statistics */ = {
			isa = PBXGroup;
			children = (
				523A201D2A31CEDE0066505F /* StatsView.swift */,
				523A201F2A31CFB40066505F /* GameStats.swift */,
				523A20212A31CFBA0066505F /* WordStats.swift */,
			);
			path = Statistics;
			sourceTree = "<group>";
		};
/* End PBXGroup section */

/* Begin PBXNativeTarget section */
		523751E02A30D13100F53FAB /* Snowman */ = {
			isa = PBXNativeTarget;
			buildConfigurationList = 523751F02A30D13300F53FAB /* Build configuration list for PBXNativeTarget "Snowman" */;
			buildPhases = (
				523751DD2A30D13100F53FAB /* Sources */,
				523751DE2A30D13100F53FAB /* Frameworks */,
				523751DF2A30D13100F53FAB /* Resources */,
			);
			buildRules = (
			);
			dependencies = (
			);
			name = Snowman;
			productName = Snowman;
			productReference = 523751E12A30D13200F53FAB /* Snowman.app */;
			productType = "com.apple.product-type.application";
		};
/* End PBXNativeTarget section */

/* Begin PBXProject section */
		523751D92A30D13100F53FAB /* Project object */ = {
			isa = PBXProject;
			attributes = {
				BuildIndependentTargetsInParallel = 1;
				LastSwiftUpdateCheck = 1420;
				LastUpgradeCheck = 1420;
				TargetAttributes = {
					523751E02A30D13100F53FAB = {
						CreatedOnToolsVersion = 14.2;
					};
				};
			};
			buildConfigurationList = 523751DC2A30D13100F53FAB /* Build configuration list for PBXProject "Snowman" */;
			compatibilityVersion = "Xcode 14.0";
			developmentRegion = en;
			hasScannedForEncodings = 0;
			knownRegions = (
				en,
				Base,
			);
			mainGroup = 523751D82A30D13100F53FAB;
			productRefGroup = 523751E22A30D13200F53FAB /* Products */;
			projectDirPath = "";
			projectRoot = "";
			targets = (
				523751E02A30D13100F53FAB /* Snowman */,
			);
		};
/* End PBXProject section */

/* Begin PBXResourcesBuildPhase section */
		523751DF2A30D13100F53FAB /* Resources */ = {
			isa = PBXResourcesBuildPhase;
			buildActionMask = 2147483647;
			files = (
				523751EC2A30D13300F53FAB /* Preview Assets.xcassets in Resources */,
				523A20182A3170E50066505F /* words.txt in Resources */,
				523751E92A30D13300F53FAB /* Assets.xcassets in Resources */,
			);
			runOnlyForDeploymentPostprocessing = 0;
		};
/* End PBXResourcesBuildPhase section */

/* Begin PBXSourcesBuildPhase section */
		523751DD2A30D13100F53FAB /* Sources */ = {
			isa = PBXSourcesBuildPhase;
			buildActionMask = 2147483647;
			files = (
				523A200F2A315BD60066505F /* GuessesView.swift in Sources */,
				523A20292A3211170066505F /* LookUpView.swift in Sources */,
				523A20272A31FE080066505F /* WebView.swift in Sources */,
				523A201A2A3175BC0066505F /* AppState.swift in Sources */,
				523A20132A315F700066505F /* GameStatus.swift in Sources */,
				523A20202A31CFB40066505F /* GameStats.swift in Sources */,
				523751F62A30D20600F53FAB /* GameView.swift in Sources */,
				523A20162A3164400066505F /* Letter.swift in Sources */,
				523A20112A315F080066505F /* Game.swift in Sources */,
				523A20222A31CFBA0066505F /* WordStats.swift in Sources */,
				523A200D2A315B450066505F /* LettersView.swift in Sources */,
				523751E72A30D13200F53FAB /* ContentView.swift in Sources */,
				523A201E2A31CEDE0066505F /* StatsView.swift in Sources */,
				523A20252A31D4180066505F /* ChartPoint.swift in Sources */,
				523751E52A30D13200F53FAB /* SnowmanApp.swift in Sources */,
				523751F42A30D1F700F53FAB /* SidebarView.swift in Sources */,
				523A201C2A31804E0066505F /* SettingsView.swift in Sources */,
			);
			runOnlyForDeploymentPostprocessing = 0;
		};
/* End PBXSourcesBuildPhase section */

/* Begin XCBuildConfiguration section */
		523751EE2A30D13300F53FAB /* Debug */ = {
			isa = XCBuildConfiguration;
			buildSettings = {
				ALWAYS_SEARCH_USER_PATHS = NO;
				CLANG_ANALYZER_NONNULL = YES;
				CLANG_ANALYZER_NUMBER_OBJECT_CONVERSION = YES_AGGRESSIVE;
				CLANG_CXX_LANGUAGE_STANDARD = "gnu++20";
				CLANG_ENABLE_MODULES = YES;
				CLANG_ENABLE_OBJC_ARC = YES;
				CLANG_ENABLE_OBJC_WEAK = YES;
				CLANG_WARN_BLOCK_CAPTURE_AUTORELEASING = YES;
				CLANG_WARN_BOOL_CONVERSION = YES;
				CLANG_WARN_COMMA = YES;
				CLANG_WARN_CONSTANT_CONVERSION = YES;
				CLANG_WARN_DEPRECATED_OBJC_IMPLEMENTATIONS = YES;
				CLANG_WARN_DIRECT_OBJC_ISA_USAGE = YES_ERROR;
				CLANG_WARN_DOCUMENTATION_COMMENTS = YES;
				CLANG_WARN_EMPTY_BODY = YES;
				CLANG_WARN_ENUM_CONVERSION = YES;
				CLANG_WARN_INFINITE_RECURSION = YES;
				CLANG_WARN_INT_CONVERSION = YES;
				CLANG_WARN_NON_LITERAL_NULL_CONVERSION = YES;
				CLANG_WARN_OBJC_IMPLICIT_RETAIN_SELF = YES;
				CLANG_WARN_OBJC_LITERAL_CONVERSION = YES;
				CLANG_WARN_OBJC_ROOT_CLASS = YES_ERROR;
				CLANG_WARN_QUOTED_INCLUDE_IN_FRAMEWORK_HEADER = YES;
				CLANG_WARN_RANGE_LOOP_ANALYSIS = YES;
				CLANG_WARN_STRICT_PROTOTYPES = YES;
				CLANG_WARN_SUSPICIOUS_MOVE = YES;
				CLANG_WARN_UNGUARDED_AVAILABILITY = YES_AGGRESSIVE;
				CLANG_WARN_UNREACHABLE_CODE = YES;
				CLANG_WARN__DUPLICATE_METHOD_MATCH = YES;
				COPY_PHASE_STRIP = NO;
				DEBUG_INFORMATION_FORMAT = dwarf;
				ENABLE_STRICT_OBJC_MSGSEND = YES;
				ENABLE_TESTABILITY = YES;
				GCC_C_LANGUAGE_STANDARD = gnu11;
				GCC_DYNAMIC_NO_PIC = NO;
				GCC_NO_COMMON_BLOCKS = YES;
				GCC_OPTIMIZATION_LEVEL = 0;
				GCC_PREPROCESSOR_DEFINITIONS = (
					"DEBUG=1",
					"$(inherited)",
				);
				GCC_WARN_64_TO_32_BIT_CONVERSION = YES;
				GCC_WARN_ABOUT_RETURN_TYPE = YES_ERROR;
				GCC_WARN_UNDECLARED_SELECTOR = YES;
				GCC_WARN_UNINITIALIZED_AUTOS = YES_AGGRESSIVE;
				GCC_WARN_UNUSED_FUNCTION = YES;
				GCC_WARN_UNUSED_VARIABLE = YES;
				MACOSX_DEPLOYMENT_TARGET = 13.1;
				MTL_ENABLE_DEBUG_INFO = INCLUDE_SOURCE;
				MTL_FAST_MATH = YES;
				ONLY_ACTIVE_ARCH = YES;
				SDKROOT = macosx;
				SWIFT_ACTIVE_COMPILATION_CONDITIONS = DEBUG;
				SWIFT_OPTIMIZATION_LEVEL = "-Onone";
			};
			name = Debug;
		};
		523751EF2A30D13300F53FAB /* Release */ = {
			isa = XCBuildConfiguration;
			buildSettings = {
				ALWAYS_SEARCH_USER_PATHS = NO;
				CLANG_ANALYZER_NONNULL = YES;
				CLANG_ANALYZER_NUMBER_OBJECT_CONVERSION = YES_AGGRESSIVE;
				CLANG_CXX_LANGUAGE_STANDARD = "gnu++20";
				CLANG_ENABLE_MODULES = YES;
				CLANG_ENABLE_OBJC_ARC = YES;
				CLANG_ENABLE_OBJC_WEAK = YES;
				CLANG_WARN_BLOCK_CAPTURE_AUTORELEASING = YES;
				CLANG_WARN_BOOL_CONVERSION = YES;
				CLANG_WARN_COMMA = YES;
				CLANG_WARN_CONSTANT_CONVERSION = YES;
				CLANG_WARN_DEPRECATED_OBJC_IMPLEMENTATIONS = YES;
				CLANG_WARN_DIRECT_OBJC_ISA_USAGE = YES_ERROR;
				CLANG_WARN_DOCUMENTATION_COMMENTS = YES;
				CLANG_WARN_EMPTY_BODY = YES;
				CLANG_WARN_ENUM_CONVERSION = YES;
				CLANG_WARN_INFINITE_RECURSION = YES;
				CLANG_WARN_INT_CONVERSION = YES;
				CLANG_WARN_NON_LITERAL_NULL_CONVERSION = YES;
				CLANG_WARN_OBJC_IMPLICIT_RETAIN_SELF = YES;
				CLANG_WARN_OBJC_LITERAL_CONVERSION = YES;
				CLANG_WARN_OBJC_ROOT_CLASS = YES_ERROR;
				CLANG_WARN_QUOTED_INCLUDE_IN_FRAMEWORK_HEADER = YES;
				CLANG_WARN_RANGE_LOOP_ANALYSIS = YES;
				CLANG_WARN_STRICT_PROTOTYPES = YES;
				CLANG_WARN_SUSPICIOUS_MOVE = YES;
				CLANG_WARN_UNGUARDED_AVAILABILITY = YES_AGGRESSIVE;
				CLANG_WARN_UNREACHABLE_CODE = YES;
				CLANG_WARN__DUPLICATE_METHOD_MATCH = YES;
				COPY_PHASE_STRIP = NO;
				DEBUG_INFORMATION_FORMAT = "dwarf-with-dsym";
				ENABLE_NS_ASSERTIONS = NO;
				ENABLE_STRICT_OBJC_MSGSEND = YES;
				GCC_C_LANGUAGE_STANDARD = gnu11;
				GCC_NO_COMMON_BLOCKS = YES;
				GCC_WARN_64_TO_32_BIT_CONVERSION = YES;
				GCC_WARN_ABOUT_RETURN_TYPE = YES_ERROR;
				GCC_WARN_UNDECLARED_SELECTOR = YES;
				GCC_WARN_UNINITIALIZED_AUTOS = YES_AGGRESSIVE;
				GCC_WARN_UNUSED_FUNCTION = YES;
				GCC_WARN_UNUSED_VARIABLE = YES;
				MACOSX_DEPLOYMENT_TARGET = 13.1;
				MTL_ENABLE_DEBUG_INFO = NO;
				MTL_FAST_MATH = YES;
				SDKROOT = macosx;
				SWIFT_COMPILATION_MODE = wholemodule;
				SWIFT_OPTIMIZATION_LEVEL = "-O";
			};
			name = Release;
		};
		523751F12A30D13300F53FAB /* Debug */ = {
			isa = XCBuildConfiguration;
			buildSettings = {
				ASSETCATALOG_COMPILER_APPICON_NAME = AppIcon;
				ASSETCATALOG_COMPILER_GLOBAL_ACCENT_COLOR_NAME = AccentColor;
				CODE_SIGN_ENTITLEMENTS = Snowman/Snowman.entitlements;
				CODE_SIGN_STYLE = Automatic;
				COMBINE_HIDPI_IMAGES = YES;
				CURRENT_PROJECT_VERSION = 1;
				DEVELOPMENT_ASSET_PATHS = "\"Snowman/Preview Content\"";
				ENABLE_PREVIEWS = YES;
				GENERATE_INFOPLIST_FILE = YES;
				INFOPLIST_KEY_NSHumanReadableCopyright = "";
				LD_RUNPATH_SEARCH_PATHS = (
					"$(inherited)",
					"@executable_path/../Frameworks",
				);
				MARKETING_VERSION = 1.0;
				PRODUCT_BUNDLE_IDENTIFIER = web.id.maful.Snowman;
				PRODUCT_NAME = "$(TARGET_NAME)";
				SWIFT_EMIT_LOC_STRINGS = YES;
				SWIFT_VERSION = 5.0;
			};
			name = Debug;
		};
		523751F22A30D13300F53FAB /* Release */ = {
			isa = XCBuildConfiguration;
			buildSettings = {
				ASSETCATALOG_COMPILER_APPICON_NAME = AppIcon;
				ASSETCATALOG_COMPILER_GLOBAL_ACCENT_COLOR_NAME = AccentColor;
				CODE_SIGN_ENTITLEMENTS = Snowman/Snowman.entitlements;
				CODE_SIGN_STYLE = Automatic;
				COMBINE_HIDPI_IMAGES = YES;
				CURRENT_PROJECT_VERSION = 1;
				DEVELOPMENT_ASSET_PATHS = "\"Snowman/Preview Content\"";
				ENABLE_PREVIEWS = YES;
				GENERATE_INFOPLIST_FILE = YES;
				INFOPLIST_KEY_NSHumanReadableCopyright = "";
				LD_RUNPATH_SEARCH_PATHS = (
					"$(inherited)",
					"@executable_path/../Frameworks",
				);
				MARKETING_VERSION = 1.0;
				PRODUCT_BUNDLE_IDENTIFIER = web.id.maful.Snowman;
				PRODUCT_NAME = "$(TARGET_NAME)";
				SWIFT_EMIT_LOC_STRINGS = YES;
				SWIFT_VERSION = 5.0;
			};
			name = Release;
		};
/* End XCBuildConfiguration section */

/* Begin XCConfigurationList section */
		523751DC2A30D13100F53FAB /* Build configuration list for PBXProject "Snowman" */ = {
			isa = XCConfigurationList;
			buildConfigurations = (
				523751EE2A30D13300F53FAB /* Debug */,
				523751EF2A30D13300F53FAB /* Release */,
			);
			defaultConfigurationIsVisible = 0;
			defaultConfigurationName = Release;
		};
		523751F02A30D13300F53FAB /* Build configuration list for PBXNativeTarget "Snowman" */ = {
			isa = XCConfigurationList;
			buildConfigurations = (
				523751F12A30D13300F53FAB /* Debug */,
				523751F22A30D13300F53FAB /* Release */,
			);
			defaultConfigurationIsVisible = 0;
			defaultConfigurationName = Release;
		};
/* End XCConfigurationList section */
	};
	rootObject = 523751D92A30D13100F53FAB /* Project object */;
}
